
Microsoft Visual Studio Solution File, Format Version 12.00
# Visual Studio Version 17
VisualStudioVersion = 17.0.31903.59
MinimumVisualStudioVersion = 10.0.40219.1
Project("{FAE04EC0-301F-11D3-BF4B-00C04F79EFBC}") = "MergeStringsAlternately1768", "MergeStringsAlternately1768\MergeStringsAlternately1768.csproj", "{AC2A53B1-49DC-406B-B2A0-4997F27AD618}"
EndProject
Global
	GlobalSection(SolutionConfigurationPlatforms) = preSolution
		Debug|Any CPU = Debug|Any CPU
		Release|Any CPU = Release|Any CPU
	EndGlobalSection
	GlobalSection(SolutionProperties) = preSolution
		HideSolutionNode = FALSE
	EndGlobalSection
	GlobalSection(ProjectConfigurationPlatforms) = postSolution
		{AC2A53B1-49DC-406B-B2A0-4997F27AD618}.Debug|Any CPU.ActiveCfg = Debug|Any CPU
		{AC2A53B1-49DC-406B-B2A0-4997F27AD618}.Debug|Any CPU.Build.0 = Debug|Any CPU
		{AC2A53B1-49DC-406B-B2A0-4997F27AD618}.Release|Any CPU.ActiveCfg = Release|Any CPU
		{AC2A53B1-49DC-406B-B2A0-4997F27AD618}.Release|Any CPU.Build.0 = Release|Any CPU
	EndGlobalSection
EndGlobal
