
Microsoft Visual Studio Solution File, Format Version 12.00
# Visual Studio Version 17
VisualStudioVersion = 17.12.35527.113 d17.12
MinimumVisualStudioVersion = 10.0.40219.1
Project("{FAE04EC0-301F-11D3-BF4B-00C04F79EFBC}") = "W2D2C1", "W2D2C1.csproj", "{C45DC5FB-8F73-46E5-90F2-D34EE389F96C}"
EndProject
Global
	GlobalSection(SolutionConfigurationPlatforms) = preSolution
		Debug|Any CPU = Debug|Any CPU
		Release|Any CPU = Release|Any CPU
	EndGlobalSection
	GlobalSection(ProjectConfigurationPlatforms) = postSolution
		{C45DC5FB-8F73-46E5-90F2-D34EE389F96C}.Debug|Any CPU.ActiveCfg = Debug|Any CPU
		{C45DC5FB-8F73-46E5-90F2-D34EE389F96C}.Debug|Any CPU.Build.0 = Debug|Any CPU
		{C45DC5FB-8F73-46E5-90F2-D34EE389F96C}.Release|Any CPU.ActiveCfg = Release|Any CPU
		{C45DC5FB-8F73-46E5-90F2-D34EE389F96C}.Release|Any CPU.Build.0 = Release|Any CPU
	EndGlobalSection
	GlobalSection(SolutionProperties) = preSolution
		HideSolutionNode = FALSE
	EndGlobalSection
EndGlobal
