
Microsoft Visual Studio Solution File, Format Version 12.00
# Visual Studio Version 17
VisualStudioVersion = 17.12.35527.113 d17.12
MinimumVisualStudioVersion = 10.0.40219.1
Project("{FAE04EC0-301F-11D3-BF4B-00C04F79EFBC}") = "W4D1C2", "W4D1C2.csproj", "{D335FE52-6947-4A1D-9EC7-B5C544F95EBC}"
EndProject
Global
	GlobalSection(SolutionConfigurationPlatforms) = preSolution
		Debug|Any CPU = Debug|Any CPU
		Release|Any CPU = Release|Any CPU
	EndGlobalSection
	GlobalSection(ProjectConfigurationPlatforms) = postSolution
		{D335FE52-6947-4A1D-9EC7-B5C544F95EBC}.Debug|Any CPU.ActiveCfg = Debug|Any CPU
		{D335FE52-6947-4A1D-9EC7-B5C544F95EBC}.Debug|Any CPU.Build.0 = Debug|Any CPU
		{D335FE52-6947-4A1D-9EC7-B5C544F95EBC}.Release|Any CPU.ActiveCfg = Release|Any CPU
		{D335FE52-6947-4A1D-9EC7-B5C544F95EBC}.Release|Any CPU.Build.0 = Release|Any CPU
	EndGlobalSection
	GlobalSection(SolutionProperties) = preSolution
		HideSolutionNode = FALSE
	EndGlobalSection
EndGlobal
