
Microsoft Visual Studio Solution File, Format Version 12.00
# Visual Studio Version 17
VisualStudioVersion = 17.12.35527.113 d17.12
MinimumVisualStudioVersion = 10.0.40219.1
Project("{FAE04EC0-301F-11D3-BF4B-00C04F79EFBC}") = "Week3ChallengeLab", "Week3ChallengeLab.csproj", "{9A8E766A-86D6-4741-A39B-84FEDE33C02E}"
EndProject
Global
	GlobalSection(SolutionConfigurationPlatforms) = preSolution
		Debug|Any CPU = Debug|Any CPU
		Release|Any CPU = Release|Any CPU
	EndGlobalSection
	GlobalSection(ProjectConfigurationPlatforms) = postSolution
		{9A8E766A-86D6-4741-A39B-84FEDE33C02E}.Debug|Any CPU.ActiveCfg = Debug|Any CPU
		{9A8E766A-86D6-4741-A39B-84FEDE33C02E}.Debug|Any CPU.Build.0 = Debug|Any CPU
		{9A8E766A-86D6-4741-A39B-84FEDE33C02E}.Release|Any CPU.ActiveCfg = Release|Any CPU
		{9A8E766A-86D6-4741-A39B-84FEDE33C02E}.Release|Any CPU.Build.0 = Release|Any CPU
	EndGlobalSection
	GlobalSection(SolutionProperties) = preSolution
		HideSolutionNode = FALSE
	EndGlobalSection
EndGlobal
