
Microsoft Visual Studio Solution File, Format Version 12.00
# Visual Studio Version 17
VisualStudioVersion = 17.12.35728.132 d17.12
MinimumVisualStudioVersion = 10.0.40219.1
Project("{FAE04EC0-301F-11D3-BF4B-00C04F79EFBC}") = "CanPlaceFlowers605", "CanPlaceFlowers605.csproj", "{DDEEE749-77EC-4263-8E9F-0210E61B6405}"
EndProject
Global
	GlobalSection(SolutionConfigurationPlatforms) = preSolution
		Debug|Any CPU = Debug|Any CPU
		Release|Any CPU = Release|Any CPU
	EndGlobalSection
	GlobalSection(ProjectConfigurationPlatforms) = postSolution
		{DDEEE749-77EC-4263-8E9F-0210E61B6405}.Debug|Any CPU.ActiveCfg = Debug|Any CPU
		{DDEEE749-77EC-4263-8E9F-0210E61B6405}.Debug|Any CPU.Build.0 = Debug|Any CPU
		{DDEEE749-77EC-4263-8E9F-0210E61B6405}.Release|Any CPU.ActiveCfg = Release|Any CPU
		{DDEEE749-77EC-4263-8E9F-0210E61B6405}.Release|Any CPU.Build.0 = Release|Any CPU
	EndGlobalSection
	GlobalSection(SolutionProperties) = preSolution
		HideSolutionNode = FALSE
	EndGlobalSection
EndGlobal
